Microsoft Visual Studio Solution File, Format Version 11.00
# Visual Studio 2008

Project("{24D59F6B-1614-82D6-6DE4-E285D60F9799}") = "LogOff", "Assembly-CSharp-firstpass.csproj", "{76CCF8A0-15DD-25EC-97E2-3FB58F70C0D5}"
EndProject
Project("{24D59F6B-1614-82D6-6DE4-E285D60F9799}") = "LogOff", "Assembly-CSharp.csproj", "{965CCCF0-760C-E469-B576-89F4FD0931FE}"
EndProject
Project("{24D59F6B-1614-82D6-6DE4-E285D60F9799}") = "LogOff", "Assembly-CSharp-Editor.csproj", "{F34FAB96-CD14-88EE-6CB3-0868FDCD4636}"
EndProject
Project("{24D59F6B-1614-82D6-6DE4-E285D60F9799}") = "LogOff", "Assembly-UnityScript-firstpass.unityproj", "{5E8A6CB8-999F-DD41-5C15-D0B53C0BD08D}"
EndProject
Project("{24D59F6B-1614-82D6-6DE4-E285D60F9799}") = "LogOff", "Assembly-UnityScript.unityproj", "{F031A32A-423F-25DB-1913-271AE6E6F381}"
EndProject
Global
	GlobalSection(SolutionConfigurationPlatforms) = preSolution
		Debug|Any CPU = Debug|Any CPU
		Release|Any CPU = Release|Any CPU
	EndGlobalSection
	GlobalSection(ProjectConfigurationPlatforms) = postSolution
		{76CCF8A0-15DD-25EC-97E2-3FB58F70C0D5}.Debug|Any CPU.ActiveCfg = Debug|Any CPU
		{76CCF8A0-15DD-25EC-97E2-3FB58F70C0D5}.Debug|Any CPU.Build.0 = Debug|Any CPU
		{76CCF8A0-15DD-25EC-97E2-3FB58F70C0D5}.Release|Any CPU.ActiveCfg = Release|Any CPU
		{76CCF8A0-15DD-25EC-97E2-3FB58F70C0D5}.Release|Any CPU.Build.0 = Release|Any CPU
		{965CCCF0-760C-E469-B576-89F4FD0931FE}.Debug|Any CPU.ActiveCfg = Debug|Any CPU
		{965CCCF0-760C-E469-B576-89F4FD0931FE}.Debug|Any CPU.Build.0 = Debug|Any CPU
		{965CCCF0-760C-E469-B576-89F4FD0931FE}.Release|Any CPU.ActiveCfg = Release|Any CPU
		{965CCCF0-760C-E469-B576-89F4FD0931FE}.Release|Any CPU.Build.0 = Release|Any CPU
		{F34FAB96-CD14-88EE-6CB3-0868FDCD4636}.Debug|Any CPU.ActiveCfg = Debug|Any CPU
		{F34FAB96-CD14-88EE-6CB3-0868FDCD4636}.Debug|Any CPU.Build.0 = Debug|Any CPU
		{F34FAB96-CD14-88EE-6CB3-0868FDCD4636}.Release|Any CPU.ActiveCfg = Release|Any CPU
		{F34FAB96-CD14-88EE-6CB3-0868FDCD4636}.Release|Any CPU.Build.0 = Release|Any CPU
		{5E8A6CB8-999F-DD41-5C15-D0B53C0BD08D}.Debug|Any CPU.ActiveCfg = Debug|Any CPU
		{5E8A6CB8-999F-DD41-5C15-D0B53C0BD08D}.Debug|Any CPU.Build.0 = Debug|Any CPU
		{5E8A6CB8-999F-DD41-5C15-D0B53C0BD08D}.Release|Any CPU.ActiveCfg = Release|Any CPU
		{5E8A6CB8-999F-DD41-5C15-D0B53C0BD08D}.Release|Any CPU.Build.0 = Release|Any CPU
		{F031A32A-423F-25DB-1913-271AE6E6F381}.Debug|Any CPU.ActiveCfg = Debug|Any CPU
		{F031A32A-423F-25DB-1913-271AE6E6F381}.Debug|Any CPU.Build.0 = Debug|Any CPU
		{F031A32A-423F-25DB-1913-271AE6E6F381}.Release|Any CPU.ActiveCfg = Release|Any CPU
		{F031A32A-423F-25DB-1913-271AE6E6F381}.Release|Any CPU.Build.0 = Release|Any CPU
	EndGlobalSection
	GlobalSection(SolutionProperties) = preSolution
		HideSolutionNode = FALSE
	EndGlobalSection
																																												GlobalSection(MonoDevelopProperties) = preSolution
		StartupItem = Assembly-CSharp.csproj
		Policies = $0
		$0.TextStylePolicy = $1
		$1.inheritsSet = null
		$1.scope = text/x-csharp
		$0.CSharpFormattingPolicy = $2
		$2.inheritsSet = Mono
		$2.inheritsScope = text/x-csharp
		$2.scope = text/x-csharp
		$0.TextStylePolicy = $3
		$3.FileWidth = 120
		$3.TabWidth = 4
		$3.EolMarker = Unix
		$3.inheritsSet = Mono
		$3.inheritsScope = text/plain
		$3.scope = text/plain
	EndGlobalSection

EndGlobal
